
Microsoft Visual Studio Solution File, Format Version 12.00
# Visual Studio Version 16
VisualStudioVersion = 16.0.29709.97
MinimumVisualStudioVersion = 10.0.40219.1
Project("{FAE04EC0-301F-11D3-BF4B-00C04F79EFBC}") = "testclient1", "testclient1\testclient1.csproj", "{54B17010-0F75-43DE-870C-5B542D6E1B46}"
EndProject
Global
	GlobalSection(SolutionConfigurationPlatforms) = preSolution
		Debug|Any CPU = Debug|Any CPU
		Release|Any CPU = Release|Any CPU
	EndGlobalSection
	GlobalSection(ProjectConfigurationPlatforms) = postSolution
		{54B17010-0F75-43DE-870C-5B542D6E1B46}.Debug|Any CPU.ActiveCfg = Debug|Any CPU
		{54B17010-0F75-43DE-870C-5B542D6E1B46}.Debug|Any CPU.Build.0 = Debug|Any CPU
		{54B17010-0F75-43DE-870C-5B542D6E1B46}.Release|Any CPU.ActiveCfg = Release|Any CPU
		{54B17010-0F75-43DE-870C-5B542D6E1B46}.Release|Any CPU.Build.0 = Release|Any CPU
	EndGlobalSection
	GlobalSection(SolutionProperties) = preSolution
		HideSolutionNode = FALSE
	EndGlobalSection
	GlobalSection(ExtensibilityGlobals) = postSolution
		SolutionGuid = {FAF155AD-C661-4CAC-8337-6F4811791BA5}
	EndGlobalSection
EndGlobal
